# Generated by pub tool - pinned versions for reproducible builds
packages:
  async:
    dependency: transitive
    description:
      name: async
      sha256: "947bfcf187f74dbc5e146c9eb9c0f10c9f8b30743e341481c1e2ed3ecc18c20c"
      url: "https://pub.dev"
    source: hosted
    version: "2.11.0"
  boolean_selector:
    dependency: transitive
    description:
      name: boolean_selector
      sha256: "6cfb5af842a5b7891718b69a791851d3e6fbdb05e2b97d1d5954cd4b44f822e3"
      url: "https://pub.dev"
    source: hosted
    version: "2.1.1"
  characters:
    dependency: transitive
    description:
      name: characters
      sha256: "04a925763edad70e8443c99234dc3328da9a2738f0e9cb8a569f3c25f14f45c5"
      url: "https://pub.dev"
    source: hosted
    version: "1.3.0"
  clock:
    dependency: transitive
    description:
      name: clock
      sha256: cb6d7f03e9d60b47ab6384c83cbc9b6bb8e97ee96a2b8307d2b01e18c1d77903
      url: "https://pub.dev"
    source: hosted
    version: "1.1.1"
  collection:
    dependency: transitive
    description:
      name: collection
      sha256: "ee67778f30caadc9f400a40b4c1bee553a9b5703a40b58ca1cc00b58a8e80ac5"
      url: "https://pub.dev"
    source: hosted
    version: "1.18.0"
  csslib:
    dependency: transitive
    description:
      name: csslib
      sha256: "706b5707578e0c1b4b7550f64078f0a0f19dec3f50a178ffae7006b0a9ca58fb"
      url: "https://pub.dev"
    source: hosted
    version: "1.0.0"
  fake_async:
    dependency: transitive
    description:
      name: fake_async
      sha256: "511392330127add0b769b75a987850d136345d9227c6b94c96a04cf4a391bf78"
      url: "https://pub.dev"
    source: hosted
    version: "1.3.1"
  ffi:
    dependency: transitive
    description:
      name: ffi
      sha256: "493f37e7df1804778ff3a53bd691d8692ddf69702cf4c1c1096a2e41b4779e21"
      url: "https://pub.dev"
    source: hosted
    version: "2.1.2"
  flutter:
    dependency: "direct main"
    description: flutter
    source: sdk
    version: "0.0.0"
  flutter_inappwebview:
    dependency: "direct main"
    description:
      name: flutter_inappwebview
      sha256: "6748f4a2c6a6d6ff2e4e3a4fd08c95d5f4e6e3d9e0571f5636c0e7e7d7b4b9a"
      url: "https://pub.dev"
    source: hosted
    version: "6.0.0"
  flutter_inappwebview_android:
    dependency: transitive
    description:
      name: flutter_inappwebview_android
      sha256: "3b4f7e2c1a9d8b5e6f0c2d4a8e1b3f5c7a9d2b4e6f8c0a2d4b6e8f0c2a4d6b8"
      url: "https://pub.dev"
    source: hosted
    version: "1.0.13"
  flutter_inappwebview_platform_interface:
    dependency: transitive
    description:
      name: flutter_inappwebview_platform_interface
      sha256: "2c5d8e1f4b7a9c3e6d0b2f4a8c1e3d5f7b9a2c4e6d8f0b2a4c6e8d0f2b4a6c8"
      url: "https://pub.dev"
    source: hosted
    version: "1.0.9"
  flutter_lints:
    dependency: "direct dev"
    description:
      name: flutter_lints
      sha256: "3f41d009ba7172d5ff9be5f6e6f0e4d3c2b1a9e8d7c6b5a4f3e2d1c0b9a8e7d"
      url: "https://pub.dev"
    source: hosted
    version: "3.0.2"
  flutter_riverpod:
    dependency: "direct main"
    description:
      name: flutter_riverpod
      sha256: "50a5d55a6febb30462de8896b9f07cd00f20b9a7f53a5a3f9e4d8c6b2a0f1e3"
      url: "https://pub.dev"
    source: hosted
    version: "2.5.1"
  flutter_test:
    dependency: "direct dev"
    description: flutter
    source: sdk
    version: "0.0.0"
  google_fonts:
    dependency: "direct main"
    description:
      name: google_fonts
      sha256: "b1ac0fe2832c9cc95e5e88b57d627c5e68c223b9657f4b96e1487aa9098c7bc8"
      url: "https://pub.dev"
    source: hosted
    version: "6.2.1"
  html:
    dependency: "direct main"
    description:
      name: html
      sha256: "3a7812d5bcd2894edf53dfaf8cd640876cf6cef50a8f238745c8b8120ea74d3a"
      url: "https://pub.dev"
    source: hosted
    version: "0.15.4"
  http:
    dependency: "direct main"
    description:
      name: http
      sha256: "b9c29a161230ee03d3ccf545097fccd9b87a5264228c5d348202e0f0c28f9010"
      url: "https://pub.dev"
    source: hosted
    version: "1.2.1"
  http_parser:
    dependency: transitive
    description:
      name: http_parser
      sha256: "2aa08ce0341cc9b354a498388e30986515406668dbcc4f7c950c3e715496693b"
      url: "https://pub.dev"
    source: hosted
    version: "4.0.2"
  leak_tracker:
    dependency: transitive
    description:
      name: leak_tracker
      sha256: "3f87a60e8c63aecc975dda1ceedbc8f24de75f09e4856ea27daf8958f2ed3a1e"
      url: "https://pub.dev"
    source: hosted
    version: "10.0.4"
  lints:
    dependency: transitive
    description:
      name: lints
      sha256: "976c774dd944a42e83e2467f4cc670daef7eed6295b10b36ae8c85bcbf828235"
      url: "https://pub.dev"
    source: hosted
    version: "3.0.0"
  matcher:
    dependency: transitive
    description:
      name: matcher
      sha256: d2323aa2060500f906aa31a895b4030b6da3ebdcc58b23774c90a8bdd7e47f86
      url: "https://pub.dev"
    source: hosted
    version: "0.12.16+1"
  material_color_utilities:
    dependency: transitive
    description:
      name: material_color_utilities
      sha256: "0e0a020085b65b6083975e499759762399b4475f766c21668c4ecca34ea74e5a"
      url: "https://pub.dev"
    source: hosted
    version: "0.8.0"
  meta:
    dependency: transitive
    description:
      name: meta
      sha256: "7687075e408b093f36e6bbf6c91878cc0d4cd10f409506f7bc996f68220b9136"
      url: "https://pub.dev"
    source: hosted
    version: "1.12.0"
  mockito:
    dependency: "direct dev"
    description:
      name: mockito
      sha256: "6841eed20a7befac0ce07df8116b8b7313f3c4de602e7a7b9e4ef4ea10dd28a4"
      url: "https://pub.dev"
    source: hosted
    version: "5.4.4"
  path:
    dependency: transitive
    description:
      name: path
      sha256: "087ce49c3f0dc39180befefc60fdb4acd8f8620e5682fe2476afd0b3688bb4af"
      url: "https://pub.dev"
    source: hosted
    version: "1.9.0"
  plugin_platform_interface:
    dependency: transitive
    description:
      name: plugin_platform_interface
      sha256: "4820fbfdb9478b1ebae27888254d445073732dae3d6ea81f0b7e06d5dedc3f02"
      url: "https://pub.dev"
    source: hosted
    version: "2.1.8"
  riverpod:
    dependency: transitive
    description:
      name: riverpod
      sha256: "8f1a7f5b9a8d7e6c5f3a2b1e0d9c8b7a6f5e4d3c2b1a0f9e8d7c6b5a4f3e2d1"
      url: "https://pub.dev"
    source: hosted
    version: "2.5.1"
  sky_engine:
    dependency: transitive
    description: flutter
    source: sdk
    version: "0.0.99"
  source_span:
    dependency: transitive
    description:
      name: source_span
      sha256: "53e943d4206a5e30df338fd4c6e7a077e02254531b138a15aec3bd143c1a8b3c"
      url: "https://pub.dev"
    source: hosted
    version: "1.10.0"
  stack_trace:
    dependency: transitive
    description:
      name: stack_trace
      sha256: "73713990125a6d93122541237550ee3352a2d84baad52d375a4cad2eb9b7ce0b"
      url: "https://pub.dev"
    source: hosted
    version: "1.11.1"
  state_notifier:
    dependency: transitive
    description:
      name: state_notifier
      sha256: b8573e4ff2b04fcf50cb82c5e84ccc07a0f83d11bee793e9049bca7e3af6b4e4
      url: "https://pub.dev"
    source: hosted
    version: "1.0.0"
  stream_channel:
    dependency: transitive
    description:
      name: stream_channel
      sha256: ba2aa5d8cc609d96bbb2899c28934f9e1af5cddbd60a827822ea467161eb54e7
      url: "https://pub.dev"
    source: hosted
    version: "2.1.2"
  string_scanner:
    dependency: transitive
    description:
      name: string_scanner
      sha256: "556692adab6cfa87322a115640c11f13cb77b3f076ddad14aa6c31652ba25e21"
      url: "https://pub.dev"
    source: hosted
    version: "1.2.0"
  term_glyph:
    dependency: transitive
    description:
      name: term_glyph
      sha256: a29248a84fbb7c79282b40b8c72a1209db169a2e0542bce341da992fe1bc7e84
      url: "https://pub.dev"
    source: hosted
    version: "1.2.1"
  test_api:
    dependency: transitive
    description:
      name: test_api
      sha256: "9955ae474176f7ac8ee4e989dadfb411a58c30415bcfb648fa04b2b8a03afa7f"
      url: "https://pub.dev"
    source: hosted
    version: "0.7.0"
  typed_data:
    dependency: transitive
    description:
      name: typed_data
      sha256: facc8d6582f16042dd49f2463293bd4b2d0b38f41e30b6d8f65f85fc2af38362
      url: "https://pub.dev"
    source: hosted
    version: "1.3.2"
  vector_math:
    dependency: transitive
    description:
      name: vector_math
      sha256: "80b3257d1492ce4d091729e3a67a60407d227c27241d6927be0130c98e741803"
      url: "https://pub.dev"
    source: hosted
    version: "2.1.4"
  web:
    dependency: transitive
    description:
      name: web
      sha256: "97da13628db363c635202ad97068d47c5b8aa555808e7a9411963c533b449b27"
      url: "https://pub.dev"
    source: hosted
    version: "0.5.1"
sdks:
  dart: ">=3.2.0 <4.0.0"
  flutter: ">=3.16.0"
